
Microsoft Visual Studio Solution File, Format Version 11.00
# Visual Studio 2010
Project("{FAE04EC0-301F-11D3-BF4B-00C04F79EFBC}") = "LUPA", "Assembly-CSharp.csproj", "{4956F84C-3A47-25A2-7898-CA1752990897}"
EndProject
Project("{FAE04EC0-301F-11D3-BF4B-00C04F79EFBC}") = "LUPA", "Assembly-CSharp-firstpass.csproj", "{FF5055FA-2378-8C29-6923-18BCB803000F}"
EndProject
Project("{FAE04EC0-301F-11D3-BF4B-00C04F79EFBC}") = "LUPA", "Assembly-CSharp-Editor-firstpass.csproj", "{7B4797E0-3E9B-082B-44E7-A0863E77AF85}"
EndProject
Global
	GlobalSection(SolutionConfigurationPlatforms) = preSolution
		Debug|Any CPU = Debug|Any CPU
		Release|Any CPU = Release|Any CPU
	EndGlobalSection
	GlobalSection(ProjectConfigurationPlatforms) = postSolution
		{4956F84C-3A47-25A2-7898-CA1752990897}.Debug|Any CPU.ActiveCfg = Debug|Any CPU
		{4956F84C-3A47-25A2-7898-CA1752990897}.Debug|Any CPU.Build.0 = Debug|Any CPU
		{4956F84C-3A47-25A2-7898-CA1752990897}.Release|Any CPU.ActiveCfg = Release|Any CPU
		{4956F84C-3A47-25A2-7898-CA1752990897}.Release|Any CPU.Build.0 = Release|Any CPU
		{FF5055FA-2378-8C29-6923-18BCB803000F}.Debug|Any CPU.ActiveCfg = Debug|Any CPU
		{FF5055FA-2378-8C29-6923-18BCB803000F}.Debug|Any CPU.Build.0 = Debug|Any CPU
		{FF5055FA-2378-8C29-6923-18BCB803000F}.Release|Any CPU.ActiveCfg = Release|Any CPU
		{FF5055FA-2378-8C29-6923-18BCB803000F}.Release|Any CPU.Build.0 = Release|Any CPU
		{7B4797E0-3E9B-082B-44E7-A0863E77AF85}.Debug|Any CPU.ActiveCfg = Debug|Any CPU
		{7B4797E0-3E9B-082B-44E7-A0863E77AF85}.Debug|Any CPU.Build.0 = Debug|Any CPU
		{7B4797E0-3E9B-082B-44E7-A0863E77AF85}.Release|Any CPU.ActiveCfg = Release|Any CPU
		{7B4797E0-3E9B-082B-44E7-A0863E77AF85}.Release|Any CPU.Build.0 = Release|Any CPU
	EndGlobalSection
	GlobalSection(SolutionProperties) = preSolution
		HideSolutionNode = FALSE
	EndGlobalSection
	GlobalSection(MonoDevelopProperties) = preSolution
		StartupItem = Assembly-CSharp.csproj
	EndGlobalSection
EndGlobal
